
Microsoft Visual Studio Solution File, Format Version 12.00
# Visual Studio Version 17
VisualStudioVersion = 17.5.33424.131
MinimumVisualStudioVersion = 10.0.40219.1
Project("{9A19103F-16F7-4668-BE54-9A1E7A4F7556}") = "EWalletService", "EWalletService\EWalletService.csproj", "{85F307FF-9639-4015-8B9D-1FB76782F6C1}"
EndProject
Project("{2150E333-8FDC-42A3-9474-1A3956D46DE8}") = "src", "src", "{DC206091-ECDF-4371-A77E-A8E9E801C2B5}"
EndProject
Project("{2150E333-8FDC-42A3-9474-1A3956D46DE8}") = "test", "test", "{54997B74-0400-4988-9608-A8B18716F67E}"
EndProject
Project("{9A19103F-16F7-4668-BE54-9A1E7A4F7556}") = "EWalletService.Domain", "EWalletService.Domain\EWalletService.Domain.csproj", "{BE1BCB33-A53D-47CB-97F2-B58EA03A4F69}"
EndProject
Project("{9A19103F-16F7-4668-BE54-9A1E7A4F7556}") = "EWalletService.Application", "EWalletService.Application\EWalletService.Application.csproj", "{0440A47E-4F78-46D5-A712-9F98B186ACEA}"
EndProject
Project("{9A19103F-16F7-4668-BE54-9A1E7A4F7556}") = "EWalletService.Infrastructure", "EWalletService.Infrastructure\EWalletService.Infrastructure.csproj", "{DDA18158-7B26-4BDD-8708-6F26F6526D77}"
EndProject
Project("{2150E333-8FDC-42A3-9474-1A3956D46DE8}") = "tests", "tests", "{B93CBCE8-21E6-4C94-A307-126FEBEAF80E}"
EndProject
Project("{FAE04EC0-301F-11D3-BF4B-00C04F79EFBC}") = "EWallet.Test", "EWallet.Test\EWallet.Test.csproj", "{C831B9FD-7808-4562-9F7F-F2BC6B07FB38}"
EndProject
Project("{2150E333-8FDC-42A3-9474-1A3956D46DE8}") = "Instruction", "Instruction", "{FD4A217C-25C7-48B6-96F7-C8934563F524}"
	ProjectSection(SolutionItems) = preProject
		Instruction.txt = Instruction.txt
	EndProjectSection
EndProject
Global
	GlobalSection(SolutionConfigurationPlatforms) = preSolution
		Debug|Any CPU = Debug|Any CPU
		Release|Any CPU = Release|Any CPU
	EndGlobalSection
	GlobalSection(ProjectConfigurationPlatforms) = postSolution
		{85F307FF-9639-4015-8B9D-1FB76782F6C1}.Debug|Any CPU.ActiveCfg = Debug|Any CPU
		{85F307FF-9639-4015-8B9D-1FB76782F6C1}.Debug|Any CPU.Build.0 = Debug|Any CPU
		{85F307FF-9639-4015-8B9D-1FB76782F6C1}.Release|Any CPU.ActiveCfg = Release|Any CPU
		{85F307FF-9639-4015-8B9D-1FB76782F6C1}.Release|Any CPU.Build.0 = Release|Any CPU
		{BE1BCB33-A53D-47CB-97F2-B58EA03A4F69}.Debug|Any CPU.ActiveCfg = Debug|Any CPU
		{BE1BCB33-A53D-47CB-97F2-B58EA03A4F69}.Debug|Any CPU.Build.0 = Debug|Any CPU
		{BE1BCB33-A53D-47CB-97F2-B58EA03A4F69}.Release|Any CPU.ActiveCfg = Release|Any CPU
		{BE1BCB33-A53D-47CB-97F2-B58EA03A4F69}.Release|Any CPU.Build.0 = Release|Any CPU
		{0440A47E-4F78-46D5-A712-9F98B186ACEA}.Debug|Any CPU.ActiveCfg = Debug|Any CPU
		{0440A47E-4F78-46D5-A712-9F98B186ACEA}.Debug|Any CPU.Build.0 = Debug|Any CPU
		{0440A47E-4F78-46D5-A712-9F98B186ACEA}.Release|Any CPU.ActiveCfg = Release|Any CPU
		{0440A47E-4F78-46D5-A712-9F98B186ACEA}.Release|Any CPU.Build.0 = Release|Any CPU
		{DDA18158-7B26-4BDD-8708-6F26F6526D77}.Debug|Any CPU.ActiveCfg = Debug|Any CPU
		{DDA18158-7B26-4BDD-8708-6F26F6526D77}.Debug|Any CPU.Build.0 = Debug|Any CPU
		{DDA18158-7B26-4BDD-8708-6F26F6526D77}.Release|Any CPU.ActiveCfg = Release|Any CPU
		{DDA18158-7B26-4BDD-8708-6F26F6526D77}.Release|Any CPU.Build.0 = Release|Any CPU
		{C831B9FD-7808-4562-9F7F-F2BC6B07FB38}.Debug|Any CPU.ActiveCfg = Debug|Any CPU
		{C831B9FD-7808-4562-9F7F-F2BC6B07FB38}.Debug|Any CPU.Build.0 = Debug|Any CPU
		{C831B9FD-7808-4562-9F7F-F2BC6B07FB38}.Release|Any CPU.ActiveCfg = Release|Any CPU
		{C831B9FD-7808-4562-9F7F-F2BC6B07FB38}.Release|Any CPU.Build.0 = Release|Any CPU
	EndGlobalSection
	GlobalSection(SolutionProperties) = preSolution
		HideSolutionNode = FALSE
	EndGlobalSection
	GlobalSection(NestedProjects) = preSolution
		{85F307FF-9639-4015-8B9D-1FB76782F6C1} = {DC206091-ECDF-4371-A77E-A8E9E801C2B5}
		{BE1BCB33-A53D-47CB-97F2-B58EA03A4F69} = {DC206091-ECDF-4371-A77E-A8E9E801C2B5}
		{0440A47E-4F78-46D5-A712-9F98B186ACEA} = {DC206091-ECDF-4371-A77E-A8E9E801C2B5}
		{DDA18158-7B26-4BDD-8708-6F26F6526D77} = {DC206091-ECDF-4371-A77E-A8E9E801C2B5}
		{C831B9FD-7808-4562-9F7F-F2BC6B07FB38} = {B93CBCE8-21E6-4C94-A307-126FEBEAF80E}
	EndGlobalSection
	GlobalSection(ExtensibilityGlobals) = postSolution
		SolutionGuid = {38B576E3-C8AE-4A71-8270-9E14282659EB}
	EndGlobalSection
EndGlobal
